
Microsoft Visual Studio Solution File, Format Version 12.00
# Visual Studio Version 17
VisualStudioVersion = 17.6.33723.286
MinimumVisualStudioVersion = 10.0.40219.1
Project("{9A19103F-16F7-4668-BE54-9A1E7A4F7556}") = "ExamenFinal", "ExamenFinal\ExamenFinal.csproj", "{4E3593F3-A204-4D10-AF9F-07BCED12222A}"
EndProject
Project("{2150E333-8FDC-42A3-9474-1A3956D46DE8}") = "Elementos de la solución", "Elementos de la solución", "{2954FD27-0BDD-4619-9846-4DEC3B58ACD1}"
	ProjectSection(SolutionItems) = preProject
		..\Certificado.pdf = ..\Certificado.pdf
	EndProjectSection
EndProject
Global
	GlobalSection(SolutionConfigurationPlatforms) = preSolution
		Debug|Any CPU = Debug|Any CPU
		Release|Any CPU = Release|Any CPU
	EndGlobalSection
	GlobalSection(ProjectConfigurationPlatforms) = postSolution
		{4E3593F3-A204-4D10-AF9F-07BCED12222A}.Debug|Any CPU.ActiveCfg = Debug|Any CPU
		{4E3593F3-A204-4D10-AF9F-07BCED12222A}.Debug|Any CPU.Build.0 = Debug|Any CPU
		{4E3593F3-A204-4D10-AF9F-07BCED12222A}.Release|Any CPU.ActiveCfg = Release|Any CPU
		{4E3593F3-A204-4D10-AF9F-07BCED12222A}.Release|Any CPU.Build.0 = Release|Any CPU
	EndGlobalSection
	GlobalSection(SolutionProperties) = preSolution
		HideSolutionNode = FALSE
	EndGlobalSection
	GlobalSection(ExtensibilityGlobals) = postSolution
		SolutionGuid = {328B66B4-D67D-4487-916F-47D1F4AB1FAD}
	EndGlobalSection
EndGlobal
